
Microsoft Visual Studio Solution File, Format Version 12.00
# Visual Studio Version 16
VisualStudioVersion = 16.6.30114.105
MinimumVisualStudioVersion = 10.0.40219.1
Project("{2150E333-8FDC-42A3-9474-1A3956D46DE8}") = "src", "src", "{E786C1C0-5694-476F-A368-63FC3AC9853B}"
EndProject
Project("{FAE04EC0-301F-11D3-BF4B-00C04F79EFBC}") = "AwaitableCoroutine", "src\AwaitableCoroutine\AwaitableCoroutine.csproj", "{213A6731-734A-4315-88FF-C7CBF643A7CB}"
EndProject
Project("{2150E333-8FDC-42A3-9474-1A3956D46DE8}") = "tests", "tests", "{DDCD3D18-9ECF-4941-8FDB-2BE506D7A5C3}"
EndProject
Project("{FAE04EC0-301F-11D3-BF4B-00C04F79EFBC}") = "AwaitableCoroutine.Test", "tests\AwaitableCoroutine.Test\AwaitableCoroutine.Test.csproj", "{A3AFDAC1-730B-4C47-BF33-70156622E31E}"
EndProject
Project("{2150E333-8FDC-42A3-9474-1A3956D46DE8}") = "examples", "examples", "{503FE9AA-8D8F-406E-963D-248689909349}"
EndProject
Project("{FAE04EC0-301F-11D3-BF4B-00C04F79EFBC}") = "AwaitableCoroutine.Example", "examples\AwaitableCoroutine.Example\AwaitableCoroutine.Example.csproj", "{6F3C137D-0637-458F-BA76-5A122917B2EF}"
EndProject
Project("{FAE04EC0-301F-11D3-BF4B-00C04F79EFBC}") = "AwaitableCoroutine.Altseed2", "src\AwaitableCoroutine.Altseed2\AwaitableCoroutine.Altseed2.csproj", "{71CBCAD3-DBC3-4054-8C81-CD7C0F82E92A}"
EndProject
Project("{F2A71F9B-5D33-465A-A702-920D77279786}") = "AwaitableCoroutine.FSharp", "src\AwaitableCoroutine.FSharp\AwaitableCoroutine.FSharp.fsproj", "{A2A9CD1A-6438-451A-A81A-66FA42657E49}"
EndProject
Project("{F2A71F9B-5D33-465A-A702-920D77279786}") = "AwaitableCoroutine.FSharpTest", "tests\AwaitableCoroutine.FSharpTest\AwaitableCoroutine.FSharpTest.fsproj", "{ED4BD77B-E26E-4BA8-91C2-28CD505C037C}"
EndProject
Project("{FAE04EC0-301F-11D3-BF4B-00C04F79EFBC}") = "AwaitableCoroutine.Altseed2.Example", "examples\AwaitableCoroutine.Altseed2.Example\AwaitableCoroutine.Altseed2.Example.csproj", "{D2541D87-CA68-4F0A-BDAA-6BA856B0B89B}"
EndProject
Global
	GlobalSection(SolutionConfigurationPlatforms) = preSolution
		Debug|Any CPU = Debug|Any CPU
		Debug|x64 = Debug|x64
		Debug|x86 = Debug|x86
		Release|Any CPU = Release|Any CPU
		Release|x64 = Release|x64
		Release|x86 = Release|x86
	EndGlobalSection
	GlobalSection(SolutionProperties) = preSolution
		HideSolutionNode = FALSE
	EndGlobalSection
	GlobalSection(ProjectConfigurationPlatforms) = postSolution
		{213A6731-734A-4315-88FF-C7CBF643A7CB}.Debug|Any CPU.ActiveCfg = Debug|Any CPU
		{213A6731-734A-4315-88FF-C7CBF643A7CB}.Debug|Any CPU.Build.0 = Debug|Any CPU
		{213A6731-734A-4315-88FF-C7CBF643A7CB}.Debug|x64.ActiveCfg = Debug|Any CPU
		{213A6731-734A-4315-88FF-C7CBF643A7CB}.Debug|x64.Build.0 = Debug|Any CPU
		{213A6731-734A-4315-88FF-C7CBF643A7CB}.Debug|x86.ActiveCfg = Debug|Any CPU
		{213A6731-734A-4315-88FF-C7CBF643A7CB}.Debug|x86.Build.0 = Debug|Any CPU
		{213A6731-734A-4315-88FF-C7CBF643A7CB}.Release|Any CPU.ActiveCfg = Release|Any CPU
		{213A6731-734A-4315-88FF-C7CBF643A7CB}.Release|Any CPU.Build.0 = Release|Any CPU
		{213A6731-734A-4315-88FF-C7CBF643A7CB}.Release|x64.ActiveCfg = Release|Any CPU
		{213A6731-734A-4315-88FF-C7CBF643A7CB}.Release|x64.Build.0 = Release|Any CPU
		{213A6731-734A-4315-88FF-C7CBF643A7CB}.Release|x86.ActiveCfg = Release|Any CPU
		{213A6731-734A-4315-88FF-C7CBF643A7CB}.Release|x86.Build.0 = Release|Any CPU
		{A3AFDAC1-730B-4C47-BF33-70156622E31E}.Debug|Any CPU.ActiveCfg = Debug|Any CPU
		{A3AFDAC1-730B-4C47-BF33-70156622E31E}.Debug|Any CPU.Build.0 = Debug|Any CPU
		{A3AFDAC1-730B-4C47-BF33-70156622E31E}.Debug|x64.ActiveCfg = Debug|Any CPU
		{A3AFDAC1-730B-4C47-BF33-70156622E31E}.Debug|x64.Build.0 = Debug|Any CPU
		{A3AFDAC1-730B-4C47-BF33-70156622E31E}.Debug|x86.ActiveCfg = Debug|Any CPU
		{A3AFDAC1-730B-4C47-BF33-70156622E31E}.Debug|x86.Build.0 = Debug|Any CPU
		{A3AFDAC1-730B-4C47-BF33-70156622E31E}.Release|Any CPU.ActiveCfg = Release|Any CPU
		{A3AFDAC1-730B-4C47-BF33-70156622E31E}.Release|Any CPU.Build.0 = Release|Any CPU
		{A3AFDAC1-730B-4C47-BF33-70156622E31E}.Release|x64.ActiveCfg = Release|Any CPU
		{A3AFDAC1-730B-4C47-BF33-70156622E31E}.Release|x64.Build.0 = Release|Any CPU
		{A3AFDAC1-730B-4C47-BF33-70156622E31E}.Release|x86.ActiveCfg = Release|Any CPU
		{A3AFDAC1-730B-4C47-BF33-70156622E31E}.Release|x86.Build.0 = Release|Any CPU
		{6F3C137D-0637-458F-BA76-5A122917B2EF}.Debug|Any CPU.ActiveCfg = Debug|Any CPU
		{6F3C137D-0637-458F-BA76-5A122917B2EF}.Debug|Any CPU.Build.0 = Debug|Any CPU
		{6F3C137D-0637-458F-BA76-5A122917B2EF}.Debug|x64.ActiveCfg = Debug|Any CPU
		{6F3C137D-0637-458F-BA76-5A122917B2EF}.Debug|x64.Build.0 = Debug|Any CPU
		{6F3C137D-0637-458F-BA76-5A122917B2EF}.Debug|x86.ActiveCfg = Debug|Any CPU
		{6F3C137D-0637-458F-BA76-5A122917B2EF}.Debug|x86.Build.0 = Debug|Any CPU
		{6F3C137D-0637-458F-BA76-5A122917B2EF}.Release|Any CPU.ActiveCfg = Release|Any CPU
		{6F3C137D-0637-458F-BA76-5A122917B2EF}.Release|Any CPU.Build.0 = Release|Any CPU
		{6F3C137D-0637-458F-BA76-5A122917B2EF}.Release|x64.ActiveCfg = Release|Any CPU
		{6F3C137D-0637-458F-BA76-5A122917B2EF}.Release|x64.Build.0 = Release|Any CPU
		{6F3C137D-0637-458F-BA76-5A122917B2EF}.Release|x86.ActiveCfg = Release|Any CPU
		{6F3C137D-0637-458F-BA76-5A122917B2EF}.Release|x86.Build.0 = Release|Any CPU
		{71CBCAD3-DBC3-4054-8C81-CD7C0F82E92A}.Debug|Any CPU.ActiveCfg = Debug|Any CPU
		{71CBCAD3-DBC3-4054-8C81-CD7C0F82E92A}.Debug|Any CPU.Build.0 = Debug|Any CPU
		{71CBCAD3-DBC3-4054-8C81-CD7C0F82E92A}.Debug|x64.ActiveCfg = Debug|Any CPU
		{71CBCAD3-DBC3-4054-8C81-CD7C0F82E92A}.Debug|x64.Build.0 = Debug|Any CPU
		{71CBCAD3-DBC3-4054-8C81-CD7C0F82E92A}.Debug|x86.ActiveCfg = Debug|Any CPU
		{71CBCAD3-DBC3-4054-8C81-CD7C0F82E92A}.Debug|x86.Build.0 = Debug|Any CPU
		{71CBCAD3-DBC3-4054-8C81-CD7C0F82E92A}.Release|Any CPU.ActiveCfg = Release|Any CPU
		{71CBCAD3-DBC3-4054-8C81-CD7C0F82E92A}.Release|Any CPU.Build.0 = Release|Any CPU
		{71CBCAD3-DBC3-4054-8C81-CD7C0F82E92A}.Release|x64.ActiveCfg = Release|Any CPU
		{71CBCAD3-DBC3-4054-8C81-CD7C0F82E92A}.Release|x64.Build.0 = Release|Any CPU
		{71CBCAD3-DBC3-4054-8C81-CD7C0F82E92A}.Release|x86.ActiveCfg = Release|Any CPU
		{71CBCAD3-DBC3-4054-8C81-CD7C0F82E92A}.Release|x86.Build.0 = Release|Any CPU
		{A2A9CD1A-6438-451A-A81A-66FA42657E49}.Debug|Any CPU.ActiveCfg = Debug|Any CPU
		{A2A9CD1A-6438-451A-A81A-66FA42657E49}.Debug|Any CPU.Build.0 = Debug|Any CPU
		{A2A9CD1A-6438-451A-A81A-66FA42657E49}.Debug|x64.ActiveCfg = Debug|Any CPU
		{A2A9CD1A-6438-451A-A81A-66FA42657E49}.Debug|x64.Build.0 = Debug|Any CPU
		{A2A9CD1A-6438-451A-A81A-66FA42657E49}.Debug|x86.ActiveCfg = Debug|Any CPU
		{A2A9CD1A-6438-451A-A81A-66FA42657E49}.Debug|x86.Build.0 = Debug|Any CPU
		{A2A9CD1A-6438-451A-A81A-66FA42657E49}.Release|Any CPU.ActiveCfg = Release|Any CPU
		{A2A9CD1A-6438-451A-A81A-66FA42657E49}.Release|Any CPU.Build.0 = Release|Any CPU
		{A2A9CD1A-6438-451A-A81A-66FA42657E49}.Release|x64.ActiveCfg = Release|Any CPU
		{A2A9CD1A-6438-451A-A81A-66FA42657E49}.Release|x64.Build.0 = Release|Any CPU
		{A2A9CD1A-6438-451A-A81A-66FA42657E49}.Release|x86.ActiveCfg = Release|Any CPU
		{A2A9CD1A-6438-451A-A81A-66FA42657E49}.Release|x86.Build.0 = Release|Any CPU
		{ED4BD77B-E26E-4BA8-91C2-28CD505C037C}.Debug|Any CPU.ActiveCfg = Debug|Any CPU
		{ED4BD77B-E26E-4BA8-91C2-28CD505C037C}.Debug|Any CPU.Build.0 = Debug|Any CPU
		{ED4BD77B-E26E-4BA8-91C2-28CD505C037C}.Debug|x64.ActiveCfg = Debug|Any CPU
		{ED4BD77B-E26E-4BA8-91C2-28CD505C037C}.Debug|x64.Build.0 = Debug|Any CPU
		{ED4BD77B-E26E-4BA8-91C2-28CD505C037C}.Debug|x86.ActiveCfg = Debug|Any CPU
		{ED4BD77B-E26E-4BA8-91C2-28CD505C037C}.Debug|x86.Build.0 = Debug|Any CPU
		{ED4BD77B-E26E-4BA8-91C2-28CD505C037C}.Release|Any CPU.ActiveCfg = Release|Any CPU
		{ED4BD77B-E26E-4BA8-91C2-28CD505C037C}.Release|Any CPU.Build.0 = Release|Any CPU
		{ED4BD77B-E26E-4BA8-91C2-28CD505C037C}.Release|x64.ActiveCfg = Release|Any CPU
		{ED4BD77B-E26E-4BA8-91C2-28CD505C037C}.Release|x64.Build.0 = Release|Any CPU
		{ED4BD77B-E26E-4BA8-91C2-28CD505C037C}.Release|x86.ActiveCfg = Release|Any CPU
		{ED4BD77B-E26E-4BA8-91C2-28CD505C037C}.Release|x86.Build.0 = Release|Any CPU
		{D2541D87-CA68-4F0A-BDAA-6BA856B0B89B}.Debug|Any CPU.ActiveCfg = Debug|Any CPU
		{D2541D87-CA68-4F0A-BDAA-6BA856B0B89B}.Debug|Any CPU.Build.0 = Debug|Any CPU
		{D2541D87-CA68-4F0A-BDAA-6BA856B0B89B}.Debug|x64.ActiveCfg = Debug|Any CPU
		{D2541D87-CA68-4F0A-BDAA-6BA856B0B89B}.Debug|x64.Build.0 = Debug|Any CPU
		{D2541D87-CA68-4F0A-BDAA-6BA856B0B89B}.Debug|x86.ActiveCfg = Debug|Any CPU
		{D2541D87-CA68-4F0A-BDAA-6BA856B0B89B}.Debug|x86.Build.0 = Debug|Any CPU
		{D2541D87-CA68-4F0A-BDAA-6BA856B0B89B}.Release|Any CPU.ActiveCfg = Release|Any CPU
		{D2541D87-CA68-4F0A-BDAA-6BA856B0B89B}.Release|Any CPU.Build.0 = Release|Any CPU
		{D2541D87-CA68-4F0A-BDAA-6BA856B0B89B}.Release|x64.ActiveCfg = Release|Any CPU
		{D2541D87-CA68-4F0A-BDAA-6BA856B0B89B}.Release|x64.Build.0 = Release|Any CPU
		{D2541D87-CA68-4F0A-BDAA-6BA856B0B89B}.Release|x86.ActiveCfg = Release|Any CPU
		{D2541D87-CA68-4F0A-BDAA-6BA856B0B89B}.Release|x86.Build.0 = Release|Any CPU
	EndGlobalSection
	GlobalSection(NestedProjects) = preSolution
		{213A6731-734A-4315-88FF-C7CBF643A7CB} = {E786C1C0-5694-476F-A368-63FC3AC9853B}
		{A3AFDAC1-730B-4C47-BF33-70156622E31E} = {DDCD3D18-9ECF-4941-8FDB-2BE506D7A5C3}
		{6F3C137D-0637-458F-BA76-5A122917B2EF} = {503FE9AA-8D8F-406E-963D-248689909349}
		{71CBCAD3-DBC3-4054-8C81-CD7C0F82E92A} = {E786C1C0-5694-476F-A368-63FC3AC9853B}
		{A2A9CD1A-6438-451A-A81A-66FA42657E49} = {E786C1C0-5694-476F-A368-63FC3AC9853B}
		{ED4BD77B-E26E-4BA8-91C2-28CD505C037C} = {DDCD3D18-9ECF-4941-8FDB-2BE506D7A5C3}
		{D2541D87-CA68-4F0A-BDAA-6BA856B0B89B} = {503FE9AA-8D8F-406E-963D-248689909349}
	EndGlobalSection
EndGlobal
